// !$*UTF8*$!
{
	archiveVersion = 1;
	classes = {
	};
	objectVersion = 56;
	objects = {

/* Begin PBXBuildFile section */
		01127E592A70EF380007B374 /* WayBillRoute.swift in Sources */ = {isa = PBXBuildFile; fileRef = 01127E582A70EF380007B374 /* WayBillRoute.swift */; };
		01127E5B2A70F2910007B374 /* WayBillrateCategory.swift in Sources */ = {isa = PBXBuildFile; fileRef = 01127E5A2A70F2910007B374 /* WayBillrateCategory.swift */; };
		01127E5D2A70F3BC0007B374 /* WayBillStatus.swift in Sources */ = {isa = PBXBuildFile; fileRef = 01127E5C2A70F3BC0007B374 /* WayBillStatus.swift */; };
		01127E5F2A711B090007B374 /* WayBillListSearchData.swift in Sources */ = {isa = PBXBuildFile; fileRef = 01127E5E2A711B090007B374 /* WayBillListSearchData.swift */; };
		01131C5F2A6AB677006D5A70 /* ManifestService.swift in Sources */ = {isa = PBXBuildFile; fileRef = 01131C5E2A6AB677006D5A70 /* ManifestService.swift */; };
		01131C612A6AB941006D5A70 /* ManiFestDestination.swift in Sources */ = {isa = PBXBuildFile; fileRef = 01131C602A6AB941006D5A70 /* ManiFestDestination.swift */; };
		01131C632A6AB9B4006D5A70 /* ManiFestStatus.swift in Sources */ = {isa = PBXBuildFile; fileRef = 01131C622A6AB9B4006D5A70 /* ManiFestStatus.swift */; };
		011B7B742A69348E002A3474 /* ManifestNumberHelpVC.swift in Sources */ = {isa = PBXBuildFile; fileRef = 011B7B732A69348E002A3474 /* ManifestNumberHelpVC.swift */; };
		011F2EFA2A67BB8F00ADD3B4 /* BaggageReportSearchVC.swift in Sources */ = {isa = PBXBuildFile; fileRef = 011F2EF92A67BB8F00ADD3B4 /* BaggageReportSearchVC.swift */; };
		011F2F232A67C03800ADD3B4 /* Constants.swift in Sources */ = {isa = PBXBuildFile; fileRef = 011F2F0A2A67C03800ADD3B4 /* Constants.swift */; };
		011F2F242A67C03800ADD3B4 /* ServerErrorVC.swift in Sources */ = {isa = PBXBuildFile; fileRef = 011F2F0B2A67C03800ADD3B4 /* ServerErrorVC.swift */; };
		011F2F252A67C03800ADD3B4 /* SwiftyJSON.swift in Sources */ = {isa = PBXBuildFile; fileRef = 011F2F0C2A67C03800ADD3B4 /* SwiftyJSON.swift */; };
		011F2F262A67C03800ADD3B4 /* ConstColors.swift in Sources */ = {isa = PBXBuildFile; fileRef = 011F2F0D2A67C03800ADD3B4 /* ConstColors.swift */; };
		011F2F272A67C03800ADD3B4 /* GrowingTextView.swift in Sources */ = {isa = PBXBuildFile; fileRef = 011F2F0E2A67C03800ADD3B4 /* GrowingTextView.swift */; };
		011F2F282A67C03800ADD3B4 /* iOSDropDown.swift in Sources */ = {isa = PBXBuildFile; fileRef = 011F2F0F2A67C03800ADD3B4 /* iOSDropDown.swift */; };
		011F2F292A67C03800ADD3B4 /* CardView.swift in Sources */ = {isa = PBXBuildFile; fileRef = 011F2F102A67C03800ADD3B4 /* CardView.swift */; };
		011F2F2A2A67C03800ADD3B4 /* CustomButton.swift in Sources */ = {isa = PBXBuildFile; fileRef = 011F2F112A67C03800ADD3B4 /* CustomButton.swift */; };
		011F2F2B2A67C03800ADD3B4 /* DateTimePicker.storyboard in Resources */ = {isa = PBXBuildFile; fileRef = 011F2F132A67C03800ADD3B4 /* DateTimePicker.storyboard */; };
		011F2F2C2A67C03800ADD3B4 /* DateTimePickerVC.swift in Sources */ = {isa = PBXBuildFile; fileRef = 011F2F142A67C03800ADD3B4 /* DateTimePickerVC.swift */; };
		011F2F2D2A67C03800ADD3B4 /* MyConfig.swift in Sources */ = {isa = PBXBuildFile; fileRef = 011F2F152A67C03800ADD3B4 /* MyConfig.swift */; };
		011F2F2E2A67C03800ADD3B4 /* ImagePicker.swift in Sources */ = {isa = PBXBuildFile; fileRef = 011F2F162A67C03800ADD3B4 /* ImagePicker.swift */; };
		011F2F2F2A67C03800ADD3B4 /* Reachability.swift in Sources */ = {isa = PBXBuildFile; fileRef = 011F2F172A67C03800ADD3B4 /* Reachability.swift */; };
		011F2F302A67C03800ADD3B4 /* URL_Session.swift in Sources */ = {isa = PBXBuildFile; fileRef = 011F2F182A67C03800ADD3B4 /* URL_Session.swift */; };
		011F2F312A67C03800ADD3B4 /* LoadingOverlay.swift in Sources */ = {isa = PBXBuildFile; fileRef = 011F2F192A67C03800ADD3B4 /* LoadingOverlay.swift */; };
		011F2F322A67C03800ADD3B4 /* TabCell.swift in Sources */ = {isa = PBXBuildFile; fileRef = 011F2F1B2A67C03800ADD3B4 /* TabCell.swift */; };
		011F2F332A67C03800ADD3B4 /* TabsPageViewController.swift in Sources */ = {isa = PBXBuildFile; fileRef = 011F2F1C2A67C03800ADD3B4 /* TabsPageViewController.swift */; };
		011F2F342A67C03800ADD3B4 /* TabsView.swift in Sources */ = {isa = PBXBuildFile; fileRef = 011F2F1D2A67C03800ADD3B4 /* TabsView.swift */; };
		011F2F352A67C03800ADD3B4 /* Validation.swift in Sources */ = {isa = PBXBuildFile; fileRef = 011F2F1E2A67C03800ADD3B4 /* Validation.swift */; };
		011F2F362A67C03800ADD3B4 /* CustomAlertDialogVC.swift in Sources */ = {isa = PBXBuildFile; fileRef = 011F2F1F2A67C03800ADD3B4 /* CustomAlertDialogVC.swift */; };
		011F2F372A67C03800ADD3B4 /* DateTimeFormat.swift in Sources */ = {isa = PBXBuildFile; fileRef = 011F2F202A67C03800ADD3B4 /* DateTimeFormat.swift */; };
		011F2F382A67C03800ADD3B4 /* DTTextField.swift in Sources */ = {isa = PBXBuildFile; fileRef = 011F2F212A67C03800ADD3B4 /* DTTextField.swift */; };
		011F2F392A67C03800ADD3B4 /* Preference.swift in Sources */ = {isa = PBXBuildFile; fileRef = 011F2F222A67C03800ADD3B4 /* Preference.swift */; };
		011F2F3D2A67C26000ADD3B4 /* DynamicHeightCollectionView.swift in Sources */ = {isa = PBXBuildFile; fileRef = 011F2F3A2A67C26000ADD3B4 /* DynamicHeightCollectionView.swift */; };
		011F2F3E2A67C26000ADD3B4 /* TextField+CustomText.swift in Sources */ = {isa = PBXBuildFile; fileRef = 011F2F3B2A67C26000ADD3B4 /* TextField+CustomText.swift */; };
		011F2F3F2A67C26000ADD3B4 /* UIImage+Gif.swift in Sources */ = {isa = PBXBuildFile; fileRef = 011F2F3C2A67C26000ADD3B4 /* UIImage+Gif.swift */; };
		011F2F452A67CAF500ADD3B4 /* WayBillReportSearchVC.swift in Sources */ = {isa = PBXBuildFile; fileRef = 011F2F442A67CAF500ADD3B4 /* WayBillReportSearchVC.swift */; };
		012AA5D12A73ECE9002AB27B /* WayBillCommonModelFromService.swift in Sources */ = {isa = PBXBuildFile; fileRef = 012AA5D02A73ECE9002AB27B /* WayBillCommonModelFromService.swift */; };
		01335F832A6F99AB0017AF17 /* BaggageReportVC.swift in Sources */ = {isa = PBXBuildFile; fileRef = 01335F822A6F99AA0017AF17 /* BaggageReportVC.swift */; };
		01335F852A6F9B7E0017AF17 /* BaggageReportData.swift in Sources */ = {isa = PBXBuildFile; fileRef = 01335F842A6F9B7E0017AF17 /* BaggageReportData.swift */; };
		0144116C2A6E52A200D839AF /* ManifestListData.swift in Sources */ = {isa = PBXBuildFile; fileRef = 0144116B2A6E52A200D839AF /* ManifestListData.swift */; };
		0144116E2A6E5E5700D839AF /* ServerError.storyboard in Resources */ = {isa = PBXBuildFile; fileRef = 0144116D2A6E5E5700D839AF /* ServerError.storyboard */; };
		014411722A6EA07300D839AF /* ManifestReportVC.swift in Sources */ = {isa = PBXBuildFile; fileRef = 014411712A6EA07300D839AF /* ManifestReportVC.swift */; };
		014411742A6EA46500D839AF /* ManifestReportData.swift in Sources */ = {isa = PBXBuildFile; fileRef = 014411732A6EA46500D839AF /* ManifestReportData.swift */; };
		014411782A6EC64D00D839AF /* BaggageListData.swift in Sources */ = {isa = PBXBuildFile; fileRef = 014411772A6EC64D00D839AF /* BaggageListData.swift */; };
		0144117A2A6EC9EA00D839AF /* AlertDialogue.storyboard in Resources */ = {isa = PBXBuildFile; fileRef = 014411792A6EC9EA00D839AF /* AlertDialogue.storyboard */; };
		016883C82A6A6AAE00D5492F /* WaybillReportDetailsListVC.swift in Sources */ = {isa = PBXBuildFile; fileRef = 016883C72A6A6AAE00D5492F /* WaybillReportDetailsListVC.swift */; };
		016883CB2A6A82B100D5492F /* Manifest.storyboard in Resources */ = {isa = PBXBuildFile; fileRef = 016883CA2A6A82B100D5492F /* Manifest.storyboard */; };
		016883CE2A6A852600D5492F /* Baggage.storyboard in Resources */ = {isa = PBXBuildFile; fileRef = 016883CD2A6A852600D5492F /* Baggage.storyboard */; };
		016883D12A6A869A00D5492F /* LoadRevenue.storyboard in Resources */ = {isa = PBXBuildFile; fileRef = 016883D02A6A869A00D5492F /* LoadRevenue.storyboard */; };
		016883D42A6A873300D5492F /* Waybill.storyboard in Resources */ = {isa = PBXBuildFile; fileRef = 016883D32A6A873300D5492F /* Waybill.storyboard */; };
		016883D72A6A884000D5492F /* BillRegister.storyboard in Resources */ = {isa = PBXBuildFile; fileRef = 016883D62A6A884000D5492F /* BillRegister.storyboard */; };
		016883D92A6A9ED100D5492F /* ManiFestRoute.swift in Sources */ = {isa = PBXBuildFile; fileRef = 016883D82A6A9ED100D5492F /* ManiFestRoute.swift */; };
		017E5B702A78CEC300F26197 /* LoadRevenueReportVC.swift in Sources */ = {isa = PBXBuildFile; fileRef = 017E5B6E2A78CEC300F26197 /* LoadRevenueReportVC.swift */; };
		017E5B712A78CEC300F26197 /* LoadRevenueSearchVC.swift in Sources */ = {isa = PBXBuildFile; fileRef = 017E5B6F2A78CEC300F26197 /* LoadRevenueSearchVC.swift */; };
		0182552C2A7252720073DC59 /* WayBillReportVC.swift in Sources */ = {isa = PBXBuildFile; fileRef = 0182552B2A7252720073DC59 /* WayBillReportVC.swift */; };
		019438782A67FEB3009A5FBB /* BillRegisterVC.swift in Sources */ = {isa = PBXBuildFile; fileRef = 019438772A67FEB3009A5FBB /* BillRegisterVC.swift */; };
		01B2A0892A617B5C00D03825 /* AppDelegate.swift in Sources */ = {isa = PBXBuildFile; fileRef = 01B2A0882A617B5C00D03825 /* AppDelegate.swift */; };
		01B2A08B2A617B5C00D03825 /* SceneDelegate.swift in Sources */ = {isa = PBXBuildFile; fileRef = 01B2A08A2A617B5C00D03825 /* SceneDelegate.swift */; };
		01B2A08D2A617B5D00D03825 /* ViewController.swift in Sources */ = {isa = PBXBuildFile; fileRef = 01B2A08C2A617B5C00D03825 /* ViewController.swift */; };
		01B2A0902A617B5D00D03825 /* Main.storyboard in Resources */ = {isa = PBXBuildFile; fileRef = 01B2A08E2A617B5D00D03825 /* Main.storyboard */; };
		01B2A0922A617B5F00D03825 /* Assets.xcassets in Resources */ = {isa = PBXBuildFile; fileRef = 01B2A0912A617B5F00D03825 /* Assets.xcassets */; };
		01B2A0952A617B5F00D03825 /* LaunchScreen.storyboard in Resources */ = {isa = PBXBuildFile; fileRef = 01B2A0932A617B5F00D03825 /* LaunchScreen.storyboard */; };
		01B2A0A42A617D7D00D03825 /* Reports.storyboard in Resources */ = {isa = PBXBuildFile; fileRef = 01B2A0A32A617D7D00D03825 /* Reports.storyboard */; };
		01B2A0A72A617E1E00D03825 /* ManiFestSearchVC.swift in Sources */ = {isa = PBXBuildFile; fileRef = 01B2A0A62A617E1E00D03825 /* ManiFestSearchVC.swift */; };
		01B2A0A92A617E6500D03825 /* ReportsVC.swift in Sources */ = {isa = PBXBuildFile; fileRef = 01B2A0A82A617E6500D03825 /* ReportsVC.swift */; };
		01C250092A727602008587B9 /* WayBillReportData.swift in Sources */ = {isa = PBXBuildFile; fileRef = 01C250082A727602008587B9 /* WayBillReportData.swift */; };
		01C2500B2A72923F008587B9 /* WayBillReportDataWebView.swift in Sources */ = {isa = PBXBuildFile; fileRef = 01C2500A2A72923F008587B9 /* WayBillReportDataWebView.swift */; };
		01CA45ED2A77E8AA00DAAC15 /* BillRegisterOpBranch.swift in Sources */ = {isa = PBXBuildFile; fileRef = 01CA45EC2A77E8AA00DAAC15 /* BillRegisterOpBranch.swift */; };
		01CF8B242A714A4E00A37081 /* WayBillProduct.swift in Sources */ = {isa = PBXBuildFile; fileRef = 01CF8B232A714A4E00A37081 /* WayBillProduct.swift */; };
		01CF8B262A71561300A37081 /* BillRegisterReportVC.swift in Sources */ = {isa = PBXBuildFile; fileRef = 01CF8B252A71561300A37081 /* BillRegisterReportVC.swift */; };
		01D3EB762A6FA8FE00AF271D /* LoadRevenueDivision.swift in Sources */ = {isa = PBXBuildFile; fileRef = 01D3EB752A6FA8FE00AF271D /* LoadRevenueDivision.swift */; };
		01D3EB782A6FADF400AF271D /* LoadRevenueRegion.swift in Sources */ = {isa = PBXBuildFile; fileRef = 01D3EB772A6FADF400AF271D /* LoadRevenueRegion.swift */; };
		01D3EB7A2A6FAFE600AF271D /* LoadRevenueBranch.swift in Sources */ = {isa = PBXBuildFile; fileRef = 01D3EB792A6FAFE600AF271D /* LoadRevenueBranch.swift */; };
		01DFA6612A6FB4B000710974 /* LoadRevenueOpBranch.swift in Sources */ = {isa = PBXBuildFile; fileRef = 01DFA6602A6FB4B000710974 /* LoadRevenueOpBranch.swift */; };
		01DFA6632A6FD21C00710974 /* LoadRevenueArea.swift in Sources */ = {isa = PBXBuildFile; fileRef = 01DFA6622A6FD21B00710974 /* LoadRevenueArea.swift */; };
		01DFA6652A6FD75F00710974 /* LoadRevenueConsignor.swift in Sources */ = {isa = PBXBuildFile; fileRef = 01DFA6642A6FD75F00710974 /* LoadRevenueConsignor.swift */; };
		01DFA6672A6FDAA600710974 /* LoadRevenueCarrierVendor.swift in Sources */ = {isa = PBXBuildFile; fileRef = 01DFA6662A6FDAA600710974 /* LoadRevenueCarrierVendor.swift */; };
		01DFA6692A6FDC7400710974 /* LoadRevenueService.swift in Sources */ = {isa = PBXBuildFile; fileRef = 01DFA6682A6FDC7400710974 /* LoadRevenueService.swift */; };
		01DFA66B2A6FE0B800710974 /* LoadRevenueProduct.swift in Sources */ = {isa = PBXBuildFile; fileRef = 01DFA66A2A6FE0B800710974 /* LoadRevenueProduct.swift */; };
		01DFA66D2A6FE23500710974 /* LoadRevenuePaymentType.swift in Sources */ = {isa = PBXBuildFile; fileRef = 01DFA66C2A6FE23500710974 /* LoadRevenuePaymentType.swift */; };
		01E903642A693A1900F6560F /* BaggageReportNumberHelpVC.swift in Sources */ = {isa = PBXBuildFile; fileRef = 01E903632A693A1900F6560F /* BaggageReportNumberHelpVC.swift */; };
		01E903662A6944BD00F6560F /* ManifestSearchDataVC.swift in Sources */ = {isa = PBXBuildFile; fileRef = 01E903652A6944BD00F6560F /* ManifestSearchDataVC.swift */; };
		01E903692A69456C00F6560F /* ManifestSearchDataTVCell.swift in Sources */ = {isa = PBXBuildFile; fileRef = 01E903682A69456C00F6560F /* ManifestSearchDataTVCell.swift */; };
		01E9036B2A696D2400F6560F /* BaggageReportSearchDataVC.swift in Sources */ = {isa = PBXBuildFile; fileRef = 01E9036A2A696D2400F6560F /* BaggageReportSearchDataVC.swift */; };
		01E9036D2A696DBF00F6560F /* BaggageReportSearchDataTVCell.swift in Sources */ = {isa = PBXBuildFile; fileRef = 01E9036C2A696DBF00F6560F /* BaggageReportSearchDataTVCell.swift */; };
		01F4468E2A6A5525002F38DD /* WayBillReportSearchListVC.swift in Sources */ = {isa = PBXBuildFile; fileRef = 01F4468D2A6A5525002F38DD /* WayBillReportSearchListVC.swift */; };
		01F446902A6A5602002F38DD /* WayBillReportSearchListTVCell.swift in Sources */ = {isa = PBXBuildFile; fileRef = 01F4468F2A6A5602002F38DD /* WayBillReportSearchListTVCell.swift */; };
		01FE2A802A738690004D636A /* BillRegisterConsigner.swift in Sources */ = {isa = PBXBuildFile; fileRef = 01FE2A7F2A738690004D636A /* BillRegisterConsigner.swift */; };
		01FE2A822A738A17004D636A /* BillRegisterReportData.swift in Sources */ = {isa = PBXBuildFile; fileRef = 01FE2A812A738A17004D636A /* BillRegisterReportData.swift */; };
		01FE2A842A738A2C004D636A /* BillRegisterReportWebView.swift in Sources */ = {isa = PBXBuildFile; fileRef = 01FE2A832A738A2C004D636A /* BillRegisterReportWebView.swift */; };
		01FE2A862A73A2A0004D636A /* LoadRevenueDestination.swift in Sources */ = {isa = PBXBuildFile; fileRef = 01FE2A852A73A2A0004D636A /* LoadRevenueDestination.swift */; };
		01FE2A882A73BE27004D636A /* LoadRevenueReportData.swift in Sources */ = {isa = PBXBuildFile; fileRef = 01FE2A872A73BE27004D636A /* LoadRevenueReportData.swift */; };
		01FE2A8A2A73BF20004D636A /* LoadRevenueReportWebView.swift in Sources */ = {isa = PBXBuildFile; fileRef = 01FE2A892A73BF20004D636A /* LoadRevenueReportWebView.swift */; };
/* End PBXBuildFile section */

/* Begin PBXFileReference section */
		01127E582A70EF380007B374 /* WayBillRoute.swift */ = {isa = PBXFileReference; lastKnownFileType = sourcecode.swift; path = WayBillRoute.swift; sourceTree = "<group>"; };
		01127E5A2A70F2910007B374 /* WayBillrateCategory.swift */ = {isa = PBXFileReference; lastKnownFileType = sourcecode.swift; path = WayBillrateCategory.swift; sourceTree = "<group>"; };
		01127E5C2A70F3BC0007B374 /* WayBillStatus.swift */ = {isa = PBXFileReference; lastKnownFileType = sourcecode.swift; path = WayBillStatus.swift; sourceTree = "<group>"; };
		01127E5E2A711B090007B374 /* WayBillListSearchData.swift */ = {isa = PBXFileReference; lastKnownFileType = sourcecode.swift; path = WayBillListSearchData.swift; sourceTree = "<group>"; };
		01131C5E2A6AB677006D5A70 /* ManifestService.swift */ = {isa = PBXFileReference; lastKnownFileType = sourcecode.swift; path = ManifestService.swift; sourceTree = "<group>"; };
		01131C602A6AB941006D5A70 /* ManiFestDestination.swift */ = {isa = PBXFileReference; lastKnownFileType = sourcecode.swift; path = ManiFestDestination.swift; sourceTree = "<group>"; };
		01131C622A6AB9B4006D5A70 /* ManiFestStatus.swift */ = {isa = PBXFileReference; lastKnownFileType = sourcecode.swift; path = ManiFestStatus.swift; sourceTree = "<group>"; };
		011B7B732A69348E002A3474 /* ManifestNumberHelpVC.swift */ = {isa = PBXFileReference; lastKnownFileType = sourcecode.swift; path = ManifestNumberHelpVC.swift; sourceTree = "<group>"; };
		011F2EF92A67BB8F00ADD3B4 /* BaggageReportSearchVC.swift */ = {isa = PBXFileReference; lastKnownFileType = sourcecode.swift; path = BaggageReportSearchVC.swift; sourceTree = "<group>"; };
		011F2F0A2A67C03800ADD3B4 /* Constants.swift */ = {isa = PBXFileReference; fileEncoding = 4; lastKnownFileType = sourcecode.swift; path = Constants.swift; sourceTree = "<group>"; };
		011F2F0B2A67C03800ADD3B4 /* ServerErrorVC.swift */ = {isa = PBXFileReference; fileEncoding = 4; lastKnownFileType = sourcecode.swift; path = ServerErrorVC.swift; sourceTree = "<group>"; };
		011F2F0C2A67C03800ADD3B4 /* SwiftyJSON.swift */ = {isa = PBXFileReference; fileEncoding = 4; lastKnownFileType = sourcecode.swift; path = SwiftyJSON.swift; sourceTree = "<group>"; };
		011F2F0D2A67C03800ADD3B4 /* ConstColors.swift */ = {isa = PBXFileReference; fileEncoding = 4; lastKnownFileType = sourcecode.swift; path = ConstColors.swift; sourceTree = "<group>"; };
		011F2F0E2A67C03800ADD3B4 /* GrowingTextView.swift */ = {isa = PBXFileReference; fileEncoding = 4; lastKnownFileType = sourcecode.swift; path = GrowingTextView.swift; sourceTree = "<group>"; };
		011F2F0F2A67C03800ADD3B4 /* iOSDropDown.swift */ = {isa = PBXFileReference; fileEncoding = 4; lastKnownFileType = sourcecode.swift; path = iOSDropDown.swift; sourceTree = "<group>"; };
		011F2F102A67C03800ADD3B4 /* CardView.swift */ = {isa = PBXFileReference; fileEncoding = 4; lastKnownFileType = sourcecode.swift; path = CardView.swift; sourceTree = "<group>"; };
		011F2F112A67C03800ADD3B4 /* CustomButton.swift */ = {isa = PBXFileReference; fileEncoding = 4; lastKnownFileType = sourcecode.swift; path = CustomButton.swift; sourceTree = "<group>"; };
		011F2F132A67C03800ADD3B4 /* DateTimePicker.storyboard */ = {isa = PBXFileReference; fileEncoding = 4; lastKnownFileType = file.storyboard; path = DateTimePicker.storyboard; sourceTree = "<group>"; };
		011F2F142A67C03800ADD3B4 /* DateTimePickerVC.swift */ = {isa = PBXFileReference; fileEncoding = 4; lastKnownFileType = sourcecode.swift; path = DateTimePickerVC.swift; sourceTree = "<group>"; };
		011F2F152A67C03800ADD3B4 /* MyConfig.swift */ = {isa = PBXFileReference; fileEncoding = 4; lastKnownFileType = sourcecode.swift; path = MyConfig.swift; sourceTree = "<group>"; };
		011F2F162A67C03800ADD3B4 /* ImagePicker.swift */ = {isa = PBXFileReference; fileEncoding = 4; lastKnownFileType = sourcecode.swift; path = ImagePicker.swift; sourceTree = "<group>"; };
		011F2F172A67C03800ADD3B4 /* Reachability.swift */ = {isa = PBXFileReference; fileEncoding = 4; lastKnownFileType = sourcecode.swift; path = Reachability.swift; sourceTree = "<group>"; };
		011F2F182A67C03800ADD3B4 /* URL_Session.swift */ = {isa = PBXFileReference; fileEncoding = 4; lastKnownFileType = sourcecode.swift; path = URL_Session.swift; sourceTree = "<group>"; };
		011F2F192A67C03800ADD3B4 /* LoadingOverlay.swift */ = {isa = PBXFileReference; fileEncoding = 4; lastKnownFileType = sourcecode.swift; path = LoadingOverlay.swift; sourceTree = "<group>"; };
		011F2F1B2A67C03800ADD3B4 /* TabCell.swift */ = {isa = PBXFileReference; fileEncoding = 4; lastKnownFileType = sourcecode.swift; path = TabCell.swift; sourceTree = "<group>"; };
		011F2F1C2A67C03800ADD3B4 /* TabsPageViewController.swift */ = {isa = PBXFileReference; fileEncoding = 4; lastKnownFileType = sourcecode.swift; path = TabsPageViewController.swift; sourceTree = "<group>"; };
		011F2F1D2A67C03800ADD3B4 /* TabsView.swift */ = {isa = PBXFileReference; fileEncoding = 4; lastKnownFileType = sourcecode.swift; path = TabsView.swift; sourceTree = "<group>"; };
		011F2F1E2A67C03800ADD3B4 /* Validation.swift */ = {isa = PBXFileReference; fileEncoding = 4; lastKnownFileType = sourcecode.swift; path = Validation.swift; sourceTree = "<group>"; };
		011F2F1F2A67C03800ADD3B4 /* CustomAlertDialogVC.swift */ = {isa = PBXFileReference; fileEncoding = 4; lastKnownFileType = sourcecode.swift; path = CustomAlertDialogVC.swift; sourceTree = "<group>"; };
		011F2F202A67C03800ADD3B4 /* DateTimeFormat.swift */ = {isa = PBXFileReference; fileEncoding = 4; lastKnownFileType = sourcecode.swift; path = DateTimeFormat.swift; sourceTree = "<group>"; };
		011F2F212A67C03800ADD3B4 /* DTTextField.swift */ = {isa = PBXFileReference; fileEncoding = 4; lastKnownFileType = sourcecode.swift; path = DTTextField.swift; sourceTree = "<group>"; };
		011F2F222A67C03800ADD3B4 /* Preference.swift */ = {isa = PBXFileReference; fileEncoding = 4; lastKnownFileType = sourcecode.swift; path = Preference.swift; sourceTree = "<group>"; };
		011F2F3A2A67C26000ADD3B4 /* DynamicHeightCollectionView.swift */ = {isa = PBXFileReference; fileEncoding = 4; lastKnownFileType = sourcecode.swift; path = DynamicHeightCollectionView.swift; sourceTree = "<group>"; };
		011F2F3B2A67C26000ADD3B4 /* TextField+CustomText.swift */ = {isa = PBXFileReference; fileEncoding = 4; lastKnownFileType = sourcecode.swift; path = "TextField+CustomText.swift"; sourceTree = "<group>"; };
		011F2F3C2A67C26000ADD3B4 /* UIImage+Gif.swift */ = {isa = PBXFileReference; fileEncoding = 4; lastKnownFileType = sourcecode.swift; path = "UIImage+Gif.swift"; sourceTree = "<group>"; };
		011F2F442A67CAF500ADD3B4 /* WayBillReportSearchVC.swift */ = {isa = PBXFileReference; lastKnownFileType = sourcecode.swift; path = WayBillReportSearchVC.swift; sourceTree = "<group>"; };
		012AA5D02A73ECE9002AB27B /* WayBillCommonModelFromService.swift */ = {isa = PBXFileReference; lastKnownFileType = sourcecode.swift; path = WayBillCommonModelFromService.swift; sourceTree = "<group>"; };
		01335F822A6F99AA0017AF17 /* BaggageReportVC.swift */ = {isa = PBXFileReference; lastKnownFileType = sourcecode.swift; path = BaggageReportVC.swift; sourceTree = "<group>"; };
		01335F842A6F9B7E0017AF17 /* BaggageReportData.swift */ = {isa = PBXFileReference; lastKnownFileType = sourcecode.swift; path = BaggageReportData.swift; sourceTree = "<group>"; };
		0144116B2A6E52A200D839AF /* ManifestListData.swift */ = {isa = PBXFileReference; lastKnownFileType = sourcecode.swift; path = ManifestListData.swift; sourceTree = "<group>"; };
		0144116D2A6E5E5700D839AF /* ServerError.storyboard */ = {isa = PBXFileReference; lastKnownFileType = file.storyboard; path = ServerError.storyboard; sourceTree = "<group>"; };
		014411712A6EA07300D839AF /* ManifestReportVC.swift */ = {isa = PBXFileReference; lastKnownFileType = sourcecode.swift; path = ManifestReportVC.swift; sourceTree = "<group>"; };
		014411732A6EA46500D839AF /* ManifestReportData.swift */ = {isa = PBXFileReference; lastKnownFileType = sourcecode.swift; path = ManifestReportData.swift; sourceTree = "<group>"; };
		014411772A6EC64D00D839AF /* BaggageListData.swift */ = {isa = PBXFileReference; lastKnownFileType = sourcecode.swift; path = BaggageListData.swift; sourceTree = "<group>"; };
		014411792A6EC9EA00D839AF /* AlertDialogue.storyboard */ = {isa = PBXFileReference; lastKnownFileType = file.storyboard; path = AlertDialogue.storyboard; sourceTree = "<group>"; };
		016883C72A6A6AAE00D5492F /* WaybillReportDetailsListVC.swift */ = {isa = PBXFileReference; lastKnownFileType = sourcecode.swift; path = WaybillReportDetailsListVC.swift; sourceTree = "<group>"; };
		016883CA2A6A82B100D5492F /* Manifest.storyboard */ = {isa = PBXFileReference; lastKnownFileType = file.storyboard; path = Manifest.storyboard; sourceTree = "<group>"; };
		016883CD2A6A852600D5492F /* Baggage.storyboard */ = {isa = PBXFileReference; lastKnownFileType = file.storyboard; path = Baggage.storyboard; sourceTree = "<group>"; };
		016883D02A6A869A00D5492F /* LoadRevenue.storyboard */ = {isa = PBXFileReference; lastKnownFileType = file.storyboard; path = LoadRevenue.storyboard; sourceTree = "<group>"; };
		016883D32A6A873300D5492F /* Waybill.storyboard */ = {isa = PBXFileReference; lastKnownFileType = file.storyboard; path = Waybill.storyboard; sourceTree = "<group>"; };
		016883D62A6A884000D5492F /* BillRegister.storyboard */ = {isa = PBXFileReference; lastKnownFileType = file.storyboard; path = BillRegister.storyboard; sourceTree = "<group>"; };
		016883D82A6A9ED100D5492F /* ManiFestRoute.swift */ = {isa = PBXFileReference; lastKnownFileType = sourcecode.swift; path = ManiFestRoute.swift; sourceTree = "<group>"; };
		017E5B6E2A78CEC300F26197 /* LoadRevenueReportVC.swift */ = {isa = PBXFileReference; fileEncoding = 4; lastKnownFileType = sourcecode.swift; path = LoadRevenueReportVC.swift; sourceTree = "<group>"; };
		017E5B6F2A78CEC300F26197 /* LoadRevenueSearchVC.swift */ = {isa = PBXFileReference; fileEncoding = 4; lastKnownFileType = sourcecode.swift; path = LoadRevenueSearchVC.swift; sourceTree = "<group>"; };
		0182552B2A7252720073DC59 /* WayBillReportVC.swift */ = {isa = PBXFileReference; lastKnownFileType = sourcecode.swift; path = WayBillReportVC.swift; sourceTree = "<group>"; };
		019438772A67FEB3009A5FBB /* BillRegisterVC.swift */ = {isa = PBXFileReference; lastKnownFileType = sourcecode.swift; path = BillRegisterVC.swift; sourceTree = "<group>"; };
		01B2A0852A617B5C00D03825 /* patel_couriers_bharati.app */ = {isa = PBXFileReference; explicitFileType = wrapper.application; includeInIndex = 0; path = patel_couriers_bharati.app; sourceTree = BUILT_PRODUCTS_DIR; };
		01B2A0882A617B5C00D03825 /* AppDelegate.swift */ = {isa = PBXFileReference; lastKnownFileType = sourcecode.swift; path = AppDelegate.swift; sourceTree = "<group>"; };
		01B2A08A2A617B5C00D03825 /* SceneDelegate.swift */ = {isa = PBXFileReference; lastKnownFileType = sourcecode.swift; path = SceneDelegate.swift; sourceTree = "<group>"; };
		01B2A08C2A617B5C00D03825 /* ViewController.swift */ = {isa = PBXFileReference; lastKnownFileType = sourcecode.swift; path = ViewController.swift; sourceTree = "<group>"; };
		01B2A08F2A617B5D00D03825 /* Base */ = {isa = PBXFileReference; lastKnownFileType = file.storyboard; name = Base; path = Base.lproj/Main.storyboard; sourceTree = "<group>"; };
		01B2A0912A617B5F00D03825 /* Assets.xcassets */ = {isa = PBXFileReference; lastKnownFileType = folder.assetcatalog; path = Assets.xcassets; sourceTree = "<group>"; };
		01B2A0942A617B5F00D03825 /* Base */ = {isa = PBXFileReference; lastKnownFileType = file.storyboard; name = Base; path = Base.lproj/LaunchScreen.storyboard; sourceTree = "<group>"; };
		01B2A0962A617B5F00D03825 /* Info.plist */ = {isa = PBXFileReference; lastKnownFileType = text.plist.xml; path = Info.plist; sourceTree = "<group>"; };
		01B2A0A32A617D7D00D03825 /* Reports.storyboard */ = {isa = PBXFileReference; lastKnownFileType = file.storyboard; path = Reports.storyboard; sourceTree = "<group>"; };
		01B2A0A62A617E1E00D03825 /* ManiFestSearchVC.swift */ = {isa = PBXFileReference; lastKnownFileType = sourcecode.swift; path = ManiFestSearchVC.swift; sourceTree = "<group>"; };
		01B2A0A82A617E6500D03825 /* ReportsVC.swift */ = {isa = PBXFileReference; lastKnownFileType = sourcecode.swift; path = ReportsVC.swift; sourceTree = "<group>"; };
		01C250082A727602008587B9 /* WayBillReportData.swift */ = {isa = PBXFileReference; lastKnownFileType = sourcecode.swift; path = WayBillReportData.swift; sourceTree = "<group>"; };
		01C2500A2A72923F008587B9 /* WayBillReportDataWebView.swift */ = {isa = PBXFileReference; lastKnownFileType = sourcecode.swift; path = WayBillReportDataWebView.swift; sourceTree = "<group>"; };
		01CA45EC2A77E8AA00DAAC15 /* BillRegisterOpBranch.swift */ = {isa = PBXFileReference; lastKnownFileType = sourcecode.swift; path = BillRegisterOpBranch.swift; sourceTree = "<group>"; };
		01CF8B232A714A4E00A37081 /* WayBillProduct.swift */ = {isa = PBXFileReference; lastKnownFileType = sourcecode.swift; path = WayBillProduct.swift; sourceTree = "<group>"; };
		01CF8B252A71561300A37081 /* BillRegisterReportVC.swift */ = {isa = PBXFileReference; lastKnownFileType = sourcecode.swift; path = BillRegisterReportVC.swift; sourceTree = "<group>"; };
		01D3EB752A6FA8FE00AF271D /* LoadRevenueDivision.swift */ = {isa = PBXFileReference; lastKnownFileType = sourcecode.swift; path = LoadRevenueDivision.swift; sourceTree = "<group>"; };
		01D3EB772A6FADF400AF271D /* LoadRevenueRegion.swift */ = {isa = PBXFileReference; lastKnownFileType = sourcecode.swift; path = LoadRevenueRegion.swift; sourceTree = "<group>"; };
		01D3EB792A6FAFE600AF271D /* LoadRevenueBranch.swift */ = {isa = PBXFileReference; lastKnownFileType = sourcecode.swift; path = LoadRevenueBranch.swift; sourceTree = "<group>"; };
		01DFA6602A6FB4B000710974 /* LoadRevenueOpBranch.swift */ = {isa = PBXFileReference; lastKnownFileType = sourcecode.swift; path = LoadRevenueOpBranch.swift; sourceTree = "<group>"; };
		01DFA6622A6FD21B00710974 /* LoadRevenueArea.swift */ = {isa = PBXFileReference; lastKnownFileType = sourcecode.swift; path = LoadRevenueArea.swift; sourceTree = "<group>"; };
		01DFA6642A6FD75F00710974 /* LoadRevenueConsignor.swift */ = {isa = PBXFileReference; lastKnownFileType = sourcecode.swift; path = LoadRevenueConsignor.swift; sourceTree = "<group>"; };
		01DFA6662A6FDAA600710974 /* LoadRevenueCarrierVendor.swift */ = {isa = PBXFileReference; lastKnownFileType = sourcecode.swift; path = LoadRevenueCarrierVendor.swift; sourceTree = "<group>"; };
		01DFA6682A6FDC7400710974 /* LoadRevenueService.swift */ = {isa = PBXFileReference; lastKnownFileType = sourcecode.swift; path = LoadRevenueService.swift; sourceTree = "<group>"; };
		01DFA66A2A6FE0B800710974 /* LoadRevenueProduct.swift */ = {isa = PBXFileReference; lastKnownFileType = sourcecode.swift; path = LoadRevenueProduct.swift; sourceTree = "<group>"; };
		01DFA66C2A6FE23500710974 /* LoadRevenuePaymentType.swift */ = {isa = PBXFileReference; lastKnownFileType = sourcecode.swift; path = LoadRevenuePaymentType.swift; sourceTree = "<group>"; };
		01E903632A693A1900F6560F /* BaggageReportNumberHelpVC.swift */ = {isa = PBXFileReference; lastKnownFileType = sourcecode.swift; path = BaggageReportNumberHelpVC.swift; sourceTree = "<group>"; };
		01E903652A6944BD00F6560F /* ManifestSearchDataVC.swift */ = {isa = PBXFileReference; lastKnownFileType = sourcecode.swift; path = ManifestSearchDataVC.swift; sourceTree = "<group>"; };
		01E903682A69456C00F6560F /* ManifestSearchDataTVCell.swift */ = {isa = PBXFileReference; lastKnownFileType = sourcecode.swift; path = ManifestSearchDataTVCell.swift; sourceTree = "<group>"; };
		01E9036A2A696D2400F6560F /* BaggageReportSearchDataVC.swift */ = {isa = PBXFileReference; lastKnownFileType = sourcecode.swift; path = BaggageReportSearchDataVC.swift; sourceTree = "<group>"; };
		01E9036C2A696DBF00F6560F /* BaggageReportSearchDataTVCell.swift */ = {isa = PBXFileReference; lastKnownFileType = sourcecode.swift; path = BaggageReportSearchDataTVCell.swift; sourceTree = "<group>"; };
		01F4468D2A6A5525002F38DD /* WayBillReportSearchListVC.swift */ = {isa = PBXFileReference; lastKnownFileType = sourcecode.swift; path = WayBillReportSearchListVC.swift; sourceTree = "<group>"; };
		01F4468F2A6A5602002F38DD /* WayBillReportSearchListTVCell.swift */ = {isa = PBXFileReference; lastKnownFileType = sourcecode.swift; path = WayBillReportSearchListTVCell.swift; sourceTree = "<group>"; };
		01FE2A7F2A738690004D636A /* BillRegisterConsigner.swift */ = {isa = PBXFileReference; lastKnownFileType = sourcecode.swift; path = BillRegisterConsigner.swift; sourceTree = "<group>"; };
		01FE2A812A738A17004D636A /* BillRegisterReportData.swift */ = {isa = PBXFileReference; lastKnownFileType = sourcecode.swift; path = BillRegisterReportData.swift; sourceTree = "<group>"; };
		01FE2A832A738A2C004D636A /* BillRegisterReportWebView.swift */ = {isa = PBXFileReference; lastKnownFileType = sourcecode.swift; path = BillRegisterReportWebView.swift; sourceTree = "<group>"; };
		01FE2A852A73A2A0004D636A /* LoadRevenueDestination.swift */ = {isa = PBXFileReference; lastKnownFileType = sourcecode.swift; path = LoadRevenueDestination.swift; sourceTree = "<group>"; };
		01FE2A872A73BE27004D636A /* LoadRevenueReportData.swift */ = {isa = PBXFileReference; lastKnownFileType = sourcecode.swift; path = LoadRevenueReportData.swift; sourceTree = "<group>"; };
		01FE2A892A73BF20004D636A /* LoadRevenueReportWebView.swift */ = {isa = PBXFileReference; lastKnownFileType = sourcecode.swift; path = LoadRevenueReportWebView.swift; sourceTree = "<group>"; };
/* End PBXFileReference section */

/* Begin PBXFrameworksBuildPhase section */
		01B2A0822A617B5C00D03825 /* Frameworks */ = {
			isa = PBXFrameworksBuildPhase;
			buildActionMask = 2147483647;
			files = (
			);
			runOnlyForDeploymentPostprocessing = 0;
		};
/* End PBXFrameworksBuildPhase section */

/* Begin PBXGroup section */
		011F2EF82A67BB4F00ADD3B4 /* BaggageReport Search */ = {
			isa = PBXGroup;
			children = (
				011F2EF92A67BB8F00ADD3B4 /* BaggageReportSearchVC.swift */,
				01E903632A693A1900F6560F /* BaggageReportNumberHelpVC.swift */,
				01E9036A2A696D2400F6560F /* BaggageReportSearchDataVC.swift */,
				01335F822A6F99AA0017AF17 /* BaggageReportVC.swift */,
			);
			path = "BaggageReport Search";
			sourceTree = "<group>";
		};
		011F2F092A67C03800ADD3B4 /* MyLib */ = {
			isa = PBXGroup;
			children = (
				011F2F0A2A67C03800ADD3B4 /* Constants.swift */,
				011F2F0B2A67C03800ADD3B4 /* ServerErrorVC.swift */,
				011F2F0C2A67C03800ADD3B4 /* SwiftyJSON.swift */,
				011F2F0D2A67C03800ADD3B4 /* ConstColors.swift */,
				011F2F0E2A67C03800ADD3B4 /* GrowingTextView.swift */,
				011F2F0F2A67C03800ADD3B4 /* iOSDropDown.swift */,
				011F2F102A67C03800ADD3B4 /* CardView.swift */,
				011F2F112A67C03800ADD3B4 /* CustomButton.swift */,
				011F2F122A67C03800ADD3B4 /* DatePicker */,
				011F2F152A67C03800ADD3B4 /* MyConfig.swift */,
				011F2F162A67C03800ADD3B4 /* ImagePicker.swift */,
				011F2F172A67C03800ADD3B4 /* Reachability.swift */,
				011F2F182A67C03800ADD3B4 /* URL_Session.swift */,
				011F2F192A67C03800ADD3B4 /* LoadingOverlay.swift */,
				011F2F1A2A67C03800ADD3B4 /* TabView */,
				011F2F1E2A67C03800ADD3B4 /* Validation.swift */,
				011F2F1F2A67C03800ADD3B4 /* CustomAlertDialogVC.swift */,
				011F2F202A67C03800ADD3B4 /* DateTimeFormat.swift */,
				011F2F212A67C03800ADD3B4 /* DTTextField.swift */,
				011F2F222A67C03800ADD3B4 /* Preference.swift */,
			);
			path = MyLib;
			sourceTree = "<group>";
		};
		011F2F122A67C03800ADD3B4 /* DatePicker */ = {
			isa = PBXGroup;
			children = (
				011F2F132A67C03800ADD3B4 /* DateTimePicker.storyboard */,
				011F2F142A67C03800ADD3B4 /* DateTimePickerVC.swift */,
			);
			path = DatePicker;
			sourceTree = "<group>";
		};
		011F2F1A2A67C03800ADD3B4 /* TabView */ = {
			isa = PBXGroup;
			children = (
				011F2F1B2A67C03800ADD3B4 /* TabCell.swift */,
				011F2F1C2A67C03800ADD3B4 /* TabsPageViewController.swift */,
				011F2F1D2A67C03800ADD3B4 /* TabsView.swift */,
			);
			path = TabView;
			sourceTree = "<group>";
		};
		011F2F402A67C89C00ADD3B4 /* LoadRevenue Search */ = {
			isa = PBXGroup;
			children = (
				017E5B6E2A78CEC300F26197 /* LoadRevenueReportVC.swift */,
				017E5B6F2A78CEC300F26197 /* LoadRevenueSearchVC.swift */,
			);
			path = "LoadRevenue Search";
			sourceTree = "<group>";
		};
		011F2F432A67CABB00ADD3B4 /* WayBill Report Search */ = {
			isa = PBXGroup;
			children = (
				011F2F442A67CAF500ADD3B4 /* WayBillReportSearchVC.swift */,
				01F4468D2A6A5525002F38DD /* WayBillReportSearchListVC.swift */,
				016883C72A6A6AAE00D5492F /* WaybillReportDetailsListVC.swift */,
				0182552B2A7252720073DC59 /* WayBillReportVC.swift */,
			);
			path = "WayBill Report Search";
			sourceTree = "<group>";
		};
		016883C92A6A829000D5492F /* Manifest Search */ = {
			isa = PBXGroup;
			children = (
				016883CA2A6A82B100D5492F /* Manifest.storyboard */,
			);
			path = "Manifest Search";
			sourceTree = "<group>";
		};
		016883CC2A6A850300D5492F /* BaggageReport Search */ = {
			isa = PBXGroup;
			children = (
				016883CD2A6A852600D5492F /* Baggage.storyboard */,
			);
			path = "BaggageReport Search";
			sourceTree = "<group>";
		};
		016883CF2A6A867400D5492F /* Load Revenue Search */ = {
			isa = PBXGroup;
			children = (
				016883D02A6A869A00D5492F /* LoadRevenue.storyboard */,
			);
			path = "Load Revenue Search";
			sourceTree = "<group>";
		};
		016883D22A6A870600D5492F /* WayBill Report Search */ = {
			isa = PBXGroup;
			children = (
				016883D32A6A873300D5492F /* Waybill.storyboard */,
			);
			path = "WayBill Report Search";
			sourceTree = "<group>";
		};
		016883D52A6A881D00D5492F /* Bill Register */ = {
			isa = PBXGroup;
			children = (
				016883D62A6A884000D5492F /* BillRegister.storyboard */,
			);
			path = "Bill Register";
			sourceTree = "<group>";
		};
		019438762A67FE92009A5FBB /* Bill Register */ = {
			isa = PBXGroup;
			children = (
				019438772A67FEB3009A5FBB /* BillRegisterVC.swift */,
				01CF8B252A71561300A37081 /* BillRegisterReportVC.swift */,
			);
			path = "Bill Register";
			sourceTree = "<group>";
		};
		01B2A07C2A617B5C00D03825 = {
			isa = PBXGroup;
			children = (
				01B2A0872A617B5C00D03825 /* patel_couriers_bharati */,
				01B2A0862A617B5C00D03825 /* Products */,
			);
			sourceTree = "<group>";
		};
		01B2A0862A617B5C00D03825 /* Products */ = {
			isa = PBXGroup;
			children = (
				01B2A0852A617B5C00D03825 /* patel_couriers_bharati.app */,
			);
			name = Products;
			sourceTree = "<group>";
		};
		01B2A0872A617B5C00D03825 /* patel_couriers_bharati */ = {
			isa = PBXGroup;
			children = (
				01E903672A69453A00F6560F /* Table View Cell */,
				011F2F092A67C03800ADD3B4 /* MyLib */,
				01B2A0A02A617D2D00D03825 /* Extension */,
				01B2A09F2A617D1700D03825 /* Resource */,
				01B2A09E2A617CFA00D03825 /* Controller */,
				01B2A09D2A617CD200D03825 /* Model */,
				01B2A09C2A617CC700D03825 /* View */,
				01B2A0882A617B5C00D03825 /* AppDelegate.swift */,
				01B2A0912A617B5F00D03825 /* Assets.xcassets */,
				01B2A08A2A617B5C00D03825 /* SceneDelegate.swift */,
				01B2A08C2A617B5C00D03825 /* ViewController.swift */,
				01B2A08E2A617B5D00D03825 /* Main.storyboard */,
				01B2A0932A617B5F00D03825 /* LaunchScreen.storyboard */,
				01B2A0962A617B5F00D03825 /* Info.plist */,
			);
			path = patel_couriers_bharati;
			sourceTree = "<group>";
		};
		01B2A09C2A617CC700D03825 /* View */ = {
			isa = PBXGroup;
			children = (
				01B2A0A22A617D5F00D03825 /* Reports */,
				0144116D2A6E5E5700D839AF /* ServerError.storyboard */,
				014411792A6EC9EA00D839AF /* AlertDialogue.storyboard */,
			);
			path = View;
			sourceTree = "<group>";
		};
		01B2A09D2A617CD200D03825 /* Model */ = {
			isa = PBXGroup;
			children = (
				016883D82A6A9ED100D5492F /* ManiFestRoute.swift */,
				01131C5E2A6AB677006D5A70 /* ManifestService.swift */,
				01131C602A6AB941006D5A70 /* ManiFestDestination.swift */,
				01131C622A6AB9B4006D5A70 /* ManiFestStatus.swift */,
				0144116B2A6E52A200D839AF /* ManifestListData.swift */,
				014411732A6EA46500D839AF /* ManifestReportData.swift */,
				014411772A6EC64D00D839AF /* BaggageListData.swift */,
				01335F842A6F9B7E0017AF17 /* BaggageReportData.swift */,
				01D3EB752A6FA8FE00AF271D /* LoadRevenueDivision.swift */,
				01D3EB772A6FADF400AF271D /* LoadRevenueRegion.swift */,
				01D3EB792A6FAFE600AF271D /* LoadRevenueBranch.swift */,
				01DFA6602A6FB4B000710974 /* LoadRevenueOpBranch.swift */,
				01DFA6622A6FD21B00710974 /* LoadRevenueArea.swift */,
				01DFA6642A6FD75F00710974 /* LoadRevenueConsignor.swift */,
				01FE2A852A73A2A0004D636A /* LoadRevenueDestination.swift */,
				01DFA6662A6FDAA600710974 /* LoadRevenueCarrierVendor.swift */,
				01DFA6682A6FDC7400710974 /* LoadRevenueService.swift */,
				01DFA66A2A6FE0B800710974 /* LoadRevenueProduct.swift */,
				01DFA66C2A6FE23500710974 /* LoadRevenuePaymentType.swift */,
				01FE2A872A73BE27004D636A /* LoadRevenueReportData.swift */,
				01FE2A892A73BF20004D636A /* LoadRevenueReportWebView.swift */,
				01127E582A70EF380007B374 /* WayBillRoute.swift */,
				01127E5A2A70F2910007B374 /* WayBillrateCategory.swift */,
				01127E5C2A70F3BC0007B374 /* WayBillStatus.swift */,
				01127E5E2A711B090007B374 /* WayBillListSearchData.swift */,
				01CF8B232A714A4E00A37081 /* WayBillProduct.swift */,
				01C250082A727602008587B9 /* WayBillReportData.swift */,
				01C2500A2A72923F008587B9 /* WayBillReportDataWebView.swift */,
				01FE2A7F2A738690004D636A /* BillRegisterConsigner.swift */,
				01FE2A812A738A17004D636A /* BillRegisterReportData.swift */,
				01FE2A832A738A2C004D636A /* BillRegisterReportWebView.swift */,
				012AA5D02A73ECE9002AB27B /* WayBillCommonModelFromService.swift */,
				01CA45EC2A77E8AA00DAAC15 /* BillRegisterOpBranch.swift */,
			);
			path = Model;
			sourceTree = "<group>";
		};
		01B2A09E2A617CFA00D03825 /* Controller */ = {
			isa = PBXGroup;
			children = (
				01B2A0A52A617DC200D03825 /* ManiFestSearch */,
				011F2EF82A67BB4F00ADD3B4 /* BaggageReport Search */,
				011F2F402A67C89C00ADD3B4 /* LoadRevenue Search */,
				011F2F432A67CABB00ADD3B4 /* WayBill Report Search */,
				019438762A67FE92009A5FBB /* Bill Register */,
				01B2A0A82A617E6500D03825 /* ReportsVC.swift */,
			);
			path = Controller;
			sourceTree = "<group>";
		};
		01B2A09F2A617D1700D03825 /* Resource */ = {
			isa = PBXGroup;
			children = (
			);
			path = Resource;
			sourceTree = "<group>";
		};
		01B2A0A02A617D2D00D03825 /* Extension */ = {
			isa = PBXGroup;
			children = (
				011F2F3A2A67C26000ADD3B4 /* DynamicHeightCollectionView.swift */,
				011F2F3B2A67C26000ADD3B4 /* TextField+CustomText.swift */,
				011F2F3C2A67C26000ADD3B4 /* UIImage+Gif.swift */,
			);
			path = Extension;
			sourceTree = "<group>";
		};
		01B2A0A22A617D5F00D03825 /* Reports */ = {
			isa = PBXGroup;
			children = (
				016883C92A6A829000D5492F /* Manifest Search */,
				016883CC2A6A850300D5492F /* BaggageReport Search */,
				016883CF2A6A867400D5492F /* Load Revenue Search */,
				016883D22A6A870600D5492F /* WayBill Report Search */,
				016883D52A6A881D00D5492F /* Bill Register */,
				01B2A0A32A617D7D00D03825 /* Reports.storyboard */,
			);
			path = Reports;
			sourceTree = "<group>";
		};
		01B2A0A52A617DC200D03825 /* ManiFestSearch */ = {
			isa = PBXGroup;
			children = (
				01B2A0A62A617E1E00D03825 /* ManiFestSearchVC.swift */,
				011B7B732A69348E002A3474 /* ManifestNumberHelpVC.swift */,
				01E903652A6944BD00F6560F /* ManifestSearchDataVC.swift */,
				014411712A6EA07300D839AF /* ManifestReportVC.swift */,
			);
			path = ManiFestSearch;
			sourceTree = "<group>";
		};
		01E903672A69453A00F6560F /* Table View Cell */ = {
			isa = PBXGroup;
			children = (
				01E903682A69456C00F6560F /* ManifestSearchDataTVCell.swift */,
				01E9036C2A696DBF00F6560F /* BaggageReportSearchDataTVCell.swift */,
				01F4468F2A6A5602002F38DD /* WayBillReportSearchListTVCell.swift */,
			);
			path = "Table View Cell";
			sourceTree = "<group>";
		};
/* End PBXGroup section */

/* Begin PBXNativeTarget section */
		01B2A0842A617B5C00D03825 /* patel_couriers_bharati */ = {
			isa = PBXNativeTarget;
			buildConfigurationList = 01B2A0992A617B5F00D03825 /* Build configuration list for PBXNativeTarget "patel_couriers_bharati" */;
			buildPhases = (
				01B2A0812A617B5C00D03825 /* Sources */,
				01B2A0822A617B5C00D03825 /* Frameworks */,
				01B2A0832A617B5C00D03825 /* Resources */,
			);
			buildRules = (
			);
			dependencies = (
			);
			name = patel_couriers_bharati;
			productName = patel_couriers_bharati;
			productReference = 01B2A0852A617B5C00D03825 /* patel_couriers_bharati.app */;
			productType = "com.apple.product-type.application";
		};
/* End PBXNativeTarget section */

/* Begin PBXProject section */
		01B2A07D2A617B5C00D03825 /* Project object */ = {
			isa = PBXProject;
			attributes = {
				BuildIndependentTargetsInParallel = 1;
				LastSwiftUpdateCheck = 1420;
				LastUpgradeCheck = 1420;
				TargetAttributes = {
					01B2A0842A617B5C00D03825 = {
						CreatedOnToolsVersion = 14.2;
					};
				};
			};
			buildConfigurationList = 01B2A0802A617B5C00D03825 /* Build configuration list for PBXProject "patel_couriers_bharati" */;
			compatibilityVersion = "Xcode 14.0";
			developmentRegion = en;
			hasScannedForEncodings = 0;
			knownRegions = (
				en,
				Base,
			);
			mainGroup = 01B2A07C2A617B5C00D03825;
			productRefGroup = 01B2A0862A617B5C00D03825 /* Products */;
			projectDirPath = "";
			projectRoot = "";
			targets = (
				01B2A0842A617B5C00D03825 /* patel_couriers_bharati */,
			);
		};
/* End PBXProject section */

/* Begin PBXResourcesBuildPhase section */
		01B2A0832A617B5C00D03825 /* Resources */ = {
			isa = PBXResourcesBuildPhase;
			buildActionMask = 2147483647;
			files = (
				0144116E2A6E5E5700D839AF /* ServerError.storyboard in Resources */,
				01B2A0A42A617D7D00D03825 /* Reports.storyboard in Resources */,
				01B2A0952A617B5F00D03825 /* LaunchScreen.storyboard in Resources */,
				016883CE2A6A852600D5492F /* Baggage.storyboard in Resources */,
				01B2A0922A617B5F00D03825 /* Assets.xcassets in Resources */,
				0144117A2A6EC9EA00D839AF /* AlertDialogue.storyboard in Resources */,
				016883D72A6A884000D5492F /* BillRegister.storyboard in Resources */,
				016883D42A6A873300D5492F /* Waybill.storyboard in Resources */,
				011F2F2B2A67C03800ADD3B4 /* DateTimePicker.storyboard in Resources */,
				01B2A0902A617B5D00D03825 /* Main.storyboard in Resources */,
				016883CB2A6A82B100D5492F /* Manifest.storyboard in Resources */,
				016883D12A6A869A00D5492F /* LoadRevenue.storyboard in Resources */,
			);
			runOnlyForDeploymentPostprocessing = 0;
		};
/* End PBXResourcesBuildPhase section */

/* Begin PBXSourcesBuildPhase section */
		01B2A0812A617B5C00D03825 /* Sources */ = {
			isa = PBXSourcesBuildPhase;
			buildActionMask = 2147483647;
			files = (
				011F2F282A67C03800ADD3B4 /* iOSDropDown.swift in Sources */,
				01335F852A6F9B7E0017AF17 /* BaggageReportData.swift in Sources */,
				01127E5D2A70F3BC0007B374 /* WayBillStatus.swift in Sources */,
				01FE2A842A738A2C004D636A /* BillRegisterReportWebView.swift in Sources */,
				011F2F242A67C03800ADD3B4 /* ServerErrorVC.swift in Sources */,
				01127E5F2A711B090007B374 /* WayBillListSearchData.swift in Sources */,
				011F2F322A67C03800ADD3B4 /* TabCell.swift in Sources */,
				01DFA6692A6FDC7400710974 /* LoadRevenueService.swift in Sources */,
				01FE2A882A73BE27004D636A /* LoadRevenueReportData.swift in Sources */,
				011F2EFA2A67BB8F00ADD3B4 /* BaggageReportSearchVC.swift in Sources */,
				019438782A67FEB3009A5FBB /* BillRegisterVC.swift in Sources */,
				011F2F312A67C03800ADD3B4 /* LoadingOverlay.swift in Sources */,
				011F2F3E2A67C26000ADD3B4 /* TextField+CustomText.swift in Sources */,
				01DFA66D2A6FE23500710974 /* LoadRevenuePaymentType.swift in Sources */,
				01FE2A862A73A2A0004D636A /* LoadRevenueDestination.swift in Sources */,
				011F2F372A67C03800ADD3B4 /* DateTimeFormat.swift in Sources */,
				011F2F2E2A67C03800ADD3B4 /* ImagePicker.swift in Sources */,
				017E5B712A78CEC300F26197 /* LoadRevenueSearchVC.swift in Sources */,
				01131C5F2A6AB677006D5A70 /* ManifestService.swift in Sources */,
				01FE2A8A2A73BF20004D636A /* LoadRevenueReportWebView.swift in Sources */,
				016883C82A6A6AAE00D5492F /* WaybillReportDetailsListVC.swift in Sources */,
				016883D92A6A9ED100D5492F /* ManiFestRoute.swift in Sources */,
				01B2A08D2A617B5D00D03825 /* ViewController.swift in Sources */,
				01E9036D2A696DBF00F6560F /* BaggageReportSearchDataTVCell.swift in Sources */,
				01DFA66B2A6FE0B800710974 /* LoadRevenueProduct.swift in Sources */,
				01FE2A802A738690004D636A /* BillRegisterConsigner.swift in Sources */,
				01C250092A727602008587B9 /* WayBillReportData.swift in Sources */,
				011F2F332A67C03800ADD3B4 /* TabsPageViewController.swift in Sources */,
				01E9036B2A696D2400F6560F /* BaggageReportSearchDataVC.swift in Sources */,
				011F2F2A2A67C03800ADD3B4 /* CustomButton.swift in Sources */,
				014411722A6EA07300D839AF /* ManifestReportVC.swift in Sources */,
				014411742A6EA46500D839AF /* ManifestReportData.swift in Sources */,
				01E903692A69456C00F6560F /* ManifestSearchDataTVCell.swift in Sources */,
				01DFA6672A6FDAA600710974 /* LoadRevenueCarrierVendor.swift in Sources */,
				011F2F2D2A67C03800ADD3B4 /* MyConfig.swift in Sources */,
				01D3EB7A2A6FAFE600AF271D /* LoadRevenueBranch.swift in Sources */,
				01B2A0892A617B5C00D03825 /* AppDelegate.swift in Sources */,
				01DFA6612A6FB4B000710974 /* LoadRevenueOpBranch.swift in Sources */,
				01DFA6632A6FD21C00710974 /* LoadRevenueArea.swift in Sources */,
				01CF8B242A714A4E00A37081 /* WayBillProduct.swift in Sources */,
				01E903662A6944BD00F6560F /* ManifestSearchDataVC.swift in Sources */,
				01D3EB782A6FADF400AF271D /* LoadRevenueRegion.swift in Sources */,
				01B2A08B2A617B5C00D03825 /* SceneDelegate.swift in Sources */,
				01CF8B262A71561300A37081 /* BillRegisterReportVC.swift in Sources */,
				01FE2A822A738A17004D636A /* BillRegisterReportData.swift in Sources */,
				01D3EB762A6FA8FE00AF271D /* LoadRevenueDivision.swift in Sources */,
				011F2F342A67C03800ADD3B4 /* TabsView.swift in Sources */,
				011F2F392A67C03800ADD3B4 /* Preference.swift in Sources */,
				011F2F262A67C03800ADD3B4 /* ConstColors.swift in Sources */,
				011F2F382A67C03800ADD3B4 /* DTTextField.swift in Sources */,
				01127E5B2A70F2910007B374 /* WayBillrateCategory.swift in Sources */,
				01E903642A693A1900F6560F /* BaggageReportNumberHelpVC.swift in Sources */,
				017E5B702A78CEC300F26197 /* LoadRevenueReportVC.swift in Sources */,
				011F2F292A67C03800ADD3B4 /* CardView.swift in Sources */,
				011F2F3D2A67C26000ADD3B4 /* DynamicHeightCollectionView.swift in Sources */,
				011B7B742A69348E002A3474 /* ManifestNumberHelpVC.swift in Sources */,
				014411782A6EC64D00D839AF /* BaggageListData.swift in Sources */,
				011F2F2C2A67C03800ADD3B4 /* DateTimePickerVC.swift in Sources */,
				01DFA6652A6FD75F00710974 /* LoadRevenueConsignor.swift in Sources */,
				011F2F272A67C03800ADD3B4 /* GrowingTextView.swift in Sources */,
				011F2F302A67C03800ADD3B4 /* URL_Session.swift in Sources */,
				011F2F232A67C03800ADD3B4 /* Constants.swift in Sources */,
				01127E592A70EF380007B374 /* WayBillRoute.swift in Sources */,
				01335F832A6F99AB0017AF17 /* BaggageReportVC.swift in Sources */,
				011F2F452A67CAF500ADD3B4 /* WayBillReportSearchVC.swift in Sources */,
				01F446902A6A5602002F38DD /* WayBillReportSearchListTVCell.swift in Sources */,
				011F2F2F2A67C03800ADD3B4 /* Reachability.swift in Sources */,
				01F4468E2A6A5525002F38DD /* WayBillReportSearchListVC.swift in Sources */,
				0144116C2A6E52A200D839AF /* ManifestListData.swift in Sources */,
				012AA5D12A73ECE9002AB27B /* WayBillCommonModelFromService.swift in Sources */,
				01CA45ED2A77E8AA00DAAC15 /* BillRegisterOpBranch.swift in Sources */,
				011F2F3F2A67C26000ADD3B4 /* UIImage+Gif.swift in Sources */,
				011F2F252A67C03800ADD3B4 /* SwiftyJSON.swift in Sources */,
				01B2A0A72A617E1E00D03825 /* ManiFestSearchVC.swift in Sources */,
				011F2F362A67C03800ADD3B4 /* CustomAlertDialogVC.swift in Sources */,
				01131C632A6AB9B4006D5A70 /* ManiFestStatus.swift in Sources */,
				01131C612A6AB941006D5A70 /* ManiFestDestination.swift in Sources */,
				01C2500B2A72923F008587B9 /* WayBillReportDataWebView.swift in Sources */,
				011F2F352A67C03800ADD3B4 /* Validation.swift in Sources */,
				01B2A0A92A617E6500D03825 /* ReportsVC.swift in Sources */,
				0182552C2A7252720073DC59 /* WayBillReportVC.swift in Sources */,
			);
			runOnlyForDeploymentPostprocessing = 0;
		};
/* End PBXSourcesBuildPhase section */

/* Begin PBXVariantGroup section */
		01B2A08E2A617B5D00D03825 /* Main.storyboard */ = {
			isa = PBXVariantGroup;
			children = (
				01B2A08F2A617B5D00D03825 /* Base */,
			);
			name = Main.storyboard;
			sourceTree = "<group>";
		};
		01B2A0932A617B5F00D03825 /* LaunchScreen.storyboard */ = {
			isa = PBXVariantGroup;
			children = (
				01B2A0942A617B5F00D03825 /* Base */,
			);
			name = LaunchScreen.storyboard;
			sourceTree = "<group>";
		};
/* End PBXVariantGroup section */

/* Begin XCBuildConfiguration section */
		01B2A0972A617B5F00D03825 /* Debug */ = {
			isa = XCBuildConfiguration;
			buildSettings = {
				ALWAYS_SEARCH_USER_PATHS = NO;
				CLANG_ANALYZER_NONNULL = YES;
				CLANG_ANALYZER_NUMBER_OBJECT_CONVERSION = YES_AGGRESSIVE;
				CLANG_CXX_LANGUAGE_STANDARD = "gnu++20";
				CLANG_ENABLE_MODULES = YES;
				CLANG_ENABLE_OBJC_ARC = YES;
				CLANG_ENABLE_OBJC_WEAK = YES;
				CLANG_WARN_BLOCK_CAPTURE_AUTORELEASING = YES;
				CLANG_WARN_BOOL_CONVERSION = YES;
				CLANG_WARN_COMMA = YES;
				CLANG_WARN_CONSTANT_CONVERSION = YES;
				CLANG_WARN_DEPRECATED_OBJC_IMPLEMENTATIONS = YES;
				CLANG_WARN_DIRECT_OBJC_ISA_USAGE = YES_ERROR;
				CLANG_WARN_DOCUMENTATION_COMMENTS = YES;
				CLANG_WARN_EMPTY_BODY = YES;
				CLANG_WARN_ENUM_CONVERSION = YES;
				CLANG_WARN_INFINITE_RECURSION = YES;
				CLANG_WARN_INT_CONVERSION = YES;
				CLANG_WARN_NON_LITERAL_NULL_CONVERSION = YES;
				CLANG_WARN_OBJC_IMPLICIT_RETAIN_SELF = YES;
				CLANG_WARN_OBJC_LITERAL_CONVERSION = YES;
				CLANG_WARN_OBJC_ROOT_CLASS = YES_ERROR;
				CLANG_WARN_QUOTED_INCLUDE_IN_FRAMEWORK_HEADER = YES;
				CLANG_WARN_RANGE_LOOP_ANALYSIS = YES;
				CLANG_WARN_STRICT_PROTOTYPES = YES;
				CLANG_WARN_SUSPICIOUS_MOVE = YES;
				CLANG_WARN_UNGUARDED_AVAILABILITY = YES_AGGRESSIVE;
				CLANG_WARN_UNREACHABLE_CODE = YES;
				CLANG_WARN__DUPLICATE_METHOD_MATCH = YES;
				COPY_PHASE_STRIP = NO;
				DEBUG_INFORMATION_FORMAT = dwarf;
				ENABLE_STRICT_OBJC_MSGSEND = YES;
				ENABLE_TESTABILITY = YES;
				GCC_C_LANGUAGE_STANDARD = gnu11;
				GCC_DYNAMIC_NO_PIC = NO;
				GCC_NO_COMMON_BLOCKS = YES;
				GCC_OPTIMIZATION_LEVEL = 0;
				GCC_PREPROCESSOR_DEFINITIONS = (
					"DEBUG=1",
					"$(inherited)",
				);
				GCC_WARN_64_TO_32_BIT_CONVERSION = YES;
				GCC_WARN_ABOUT_RETURN_TYPE = YES_ERROR;
				GCC_WARN_UNDECLARED_SELECTOR = YES;
				GCC_WARN_UNINITIALIZED_AUTOS = YES_AGGRESSIVE;
				GCC_WARN_UNUSED_FUNCTION = YES;
				GCC_WARN_UNUSED_VARIABLE = YES;
				IPHONEOS_DEPLOYMENT_TARGET = 16.2;
				MTL_ENABLE_DEBUG_INFO = INCLUDE_SOURCE;
				MTL_FAST_MATH = YES;
				ONLY_ACTIVE_ARCH = YES;
				SDKROOT = iphoneos;
				SWIFT_ACTIVE_COMPILATION_CONDITIONS = DEBUG;
				SWIFT_OPTIMIZATION_LEVEL = "-Onone";
			};
			name = Debug;
		};
		01B2A0982A617B5F00D03825 /* Release */ = {
			isa = XCBuildConfiguration;
			buildSettings = {
				ALWAYS_SEARCH_USER_PATHS = NO;
				CLANG_ANALYZER_NONNULL = YES;
				CLANG_ANALYZER_NUMBER_OBJECT_CONVERSION = YES_AGGRESSIVE;
				CLANG_CXX_LANGUAGE_STANDARD = "gnu++20";
				CLANG_ENABLE_MODULES = YES;
				CLANG_ENABLE_OBJC_ARC = YES;
				CLANG_ENABLE_OBJC_WEAK = YES;
				CLANG_WARN_BLOCK_CAPTURE_AUTORELEASING = YES;
				CLANG_WARN_BOOL_CONVERSION = YES;
				CLANG_WARN_COMMA = YES;
				CLANG_WARN_CONSTANT_CONVERSION = YES;
				CLANG_WARN_DEPRECATED_OBJC_IMPLEMENTATIONS = YES;
				CLANG_WARN_DIRECT_OBJC_ISA_USAGE = YES_ERROR;
				CLANG_WARN_DOCUMENTATION_COMMENTS = YES;
				CLANG_WARN_EMPTY_BODY = YES;
				CLANG_WARN_ENUM_CONVERSION = YES;
				CLANG_WARN_INFINITE_RECURSION = YES;
				CLANG_WARN_INT_CONVERSION = YES;
				CLANG_WARN_NON_LITERAL_NULL_CONVERSION = YES;
				CLANG_WARN_OBJC_IMPLICIT_RETAIN_SELF = YES;
				CLANG_WARN_OBJC_LITERAL_CONVERSION = YES;
				CLANG_WARN_OBJC_ROOT_CLASS = YES_ERROR;
				CLANG_WARN_QUOTED_INCLUDE_IN_FRAMEWORK_HEADER = YES;
				CLANG_WARN_RANGE_LOOP_ANALYSIS = YES;
				CLANG_WARN_STRICT_PROTOTYPES = YES;
				CLANG_WARN_SUSPICIOUS_MOVE = YES;
				CLANG_WARN_UNGUARDED_AVAILABILITY = YES_AGGRESSIVE;
				CLANG_WARN_UNREACHABLE_CODE = YES;
				CLANG_WARN__DUPLICATE_METHOD_MATCH = YES;
				COPY_PHASE_STRIP = NO;
				DEBUG_INFORMATION_FORMAT = "dwarf-with-dsym";
				ENABLE_NS_ASSERTIONS = NO;
				ENABLE_STRICT_OBJC_MSGSEND = YES;
				GCC_C_LANGUAGE_STANDARD = gnu11;
				GCC_NO_COMMON_BLOCKS = YES;
				GCC_WARN_64_TO_32_BIT_CONVERSION = YES;
				GCC_WARN_ABOUT_RETURN_TYPE = YES_ERROR;
				GCC_WARN_UNDECLARED_SELECTOR = YES;
				GCC_WARN_UNINITIALIZED_AUTOS = YES_AGGRESSIVE;
				GCC_WARN_UNUSED_FUNCTION = YES;
				GCC_WARN_UNUSED_VARIABLE = YES;
				IPHONEOS_DEPLOYMENT_TARGET = 16.2;
				MTL_ENABLE_DEBUG_INFO = NO;
				MTL_FAST_MATH = YES;
				SDKROOT = iphoneos;
				SWIFT_COMPILATION_MODE = wholemodule;
				SWIFT_OPTIMIZATION_LEVEL = "-O";
				VALIDATE_PRODUCT = YES;
			};
			name = Release;
		};
		01B2A09A2A617B5F00D03825 /* Debug */ = {
			isa = XCBuildConfiguration;
			buildSettings = {
				ASSETCATALOG_COMPILER_APPICON_NAME = AppIcon;
				ASSETCATALOG_COMPILER_GLOBAL_ACCENT_COLOR_NAME = AccentColor;
				CODE_SIGN_STYLE = Automatic;
				CURRENT_PROJECT_VERSION = 1;
				GENERATE_INFOPLIST_FILE = YES;
				INFOPLIST_FILE = patel_couriers_bharati/Info.plist;
				INFOPLIST_KEY_UIApplicationSupportsIndirectInputEvents = YES;
				INFOPLIST_KEY_UILaunchStoryboardName = LaunchScreen;
				INFOPLIST_KEY_UIMainStoryboardFile = Reports;
				INFOPLIST_KEY_UISupportedInterfaceOrientations_iPad = "UIInterfaceOrientationPortrait UIInterfaceOrientationPortraitUpsideDown UIInterfaceOrientationLandscapeLeft UIInterfaceOrientationLandscapeRight";
				INFOPLIST_KEY_UISupportedInterfaceOrientations_iPhone = "UIInterfaceOrientationPortrait UIInterfaceOrientationLandscapeLeft UIInterfaceOrientationLandscapeRight";
				LD_RUNPATH_SEARCH_PATHS = (
					"$(inherited)",
					"@executable_path/Frameworks",
				);
				MARKETING_VERSION = 1.0;
				PRODUCT_BUNDLE_IDENTIFIER = "com.wht.patel-couriers-bharati";
				PRODUCT_NAME = "$(TARGET_NAME)";
				SWIFT_EMIT_LOC_STRINGS = YES;
				SWIFT_VERSION = 5.0;
				TARGETED_DEVICE_FAMILY = "1,2";
			};
			name = Debug;
		};
		01B2A09B2A617B5F00D03825 /* Release */ = {
			isa = XCBuildConfiguration;
			buildSettings = {
				ASSETCATALOG_COMPILER_APPICON_NAME = AppIcon;
				ASSETCATALOG_COMPILER_GLOBAL_ACCENT_COLOR_NAME = AccentColor;
				CODE_SIGN_STYLE = Automatic;
				CURRENT_PROJECT_VERSION = 1;
				GENERATE_INFOPLIST_FILE = YES;
				INFOPLIST_FILE = patel_couriers_bharati/Info.plist;
				INFOPLIST_KEY_UIApplicationSupportsIndirectInputEvents = YES;
				INFOPLIST_KEY_UILaunchStoryboardName = LaunchScreen;
				INFOPLIST_KEY_UIMainStoryboardFile = Reports;
				INFOPLIST_KEY_UISupportedInterfaceOrientations_iPad = "UIInterfaceOrientationPortrait UIInterfaceOrientationPortraitUpsideDown UIInterfaceOrientationLandscapeLeft UIInterfaceOrientationLandscapeRight";
				INFOPLIST_KEY_UISupportedInterfaceOrientations_iPhone = "UIInterfaceOrientationPortrait UIInterfaceOrientationLandscapeLeft UIInterfaceOrientationLandscapeRight";
				LD_RUNPATH_SEARCH_PATHS = (
					"$(inherited)",
					"@executable_path/Frameworks",
				);
				MARKETING_VERSION = 1.0;
				PRODUCT_BUNDLE_IDENTIFIER = "com.wht.patel-couriers-bharati";
				PRODUCT_NAME = "$(TARGET_NAME)";
				SWIFT_EMIT_LOC_STRINGS = YES;
				SWIFT_VERSION = 5.0;
				TARGETED_DEVICE_FAMILY = "1,2";
			};
			name = Release;
		};
/* End XCBuildConfiguration section */

/* Begin XCConfigurationList section */
		01B2A0802A617B5C00D03825 /* Build configuration list for PBXProject "patel_couriers_bharati" */ = {
			isa = XCConfigurationList;
			buildConfigurations = (
				01B2A0972A617B5F00D03825 /* Debug */,
				01B2A0982A617B5F00D03825 /* Release */,
			);
			defaultConfigurationIsVisible = 0;
			defaultConfigurationName = Release;
		};
		01B2A0992A617B5F00D03825 /* Build configuration list for PBXNativeTarget "patel_couriers_bharati" */ = {
			isa = XCConfigurationList;
			buildConfigurations = (
				01B2A09A2A617B5F00D03825 /* Debug */,
				01B2A09B2A617B5F00D03825 /* Release */,
			);
			defaultConfigurationIsVisible = 0;
			defaultConfigurationName = Release;
		};
/* End XCConfigurationList section */
	};
	rootObject = 01B2A07D2A617B5C00D03825 /* Project object */;
}
